
Microsoft Visual Studio Solution File, Format Version 12.00
# Visual Studio 2013
VisualStudioVersion = 12.0.30501.0
MinimumVisualStudioVersion = 10.0.40219.1
Project("{8BC9CEB8-8B4A-11D0-8D11-00A0C91BC942}") = "Atom-izer", "Atom-izer\Atom-izer.vcxproj", "{604E7ACA-9DAE-4D82-BF25-550A2126B9E3}"
EndProject
Global
	GlobalSection(SolutionConfigurationPlatforms) = preSolution
		Debug|Win32 = Debug|Win32
		Release|Win32 = Release|Win32
	EndGlobalSection
	GlobalSection(ProjectConfigurationPlatforms) = postSolution
		{604E7ACA-9DAE-4D82-BF25-550A2126B9E3}.Debug|Win32.ActiveCfg = Debug|Win32
		{604E7ACA-9DAE-4D82-BF25-550A2126B9E3}.Debug|Win32.Build.0 = Debug|Win32
		{604E7ACA-9DAE-4D82-BF25-550A2126B9E3}.Release|Win32.ActiveCfg = Release|Win32
		{604E7ACA-9DAE-4D82-BF25-550A2126B9E3}.Release|Win32.Build.0 = Release|Win32
	EndGlobalSection
	GlobalSection(SolutionProperties) = preSolution
		HideSolutionNode = FALSE
	EndGlobalSection
EndGlobal
